
Microsoft Visual Studio Solution File, Format Version 12.00
# Visual Studio Version 16
VisualStudioVersion = 16.0.31702.278
MinimumVisualStudioVersion = 10.0.40219.1
Project("{FAE04EC0-301F-11D3-BF4B-00C04F79EFBC}") = "Dop_2_Songs", "Dop_2_Songs\Dop_2_Songs.csproj", "{0B9A683A-DEE6-4003-B217-EF250ED7EB73}"
EndProject
Global
	GlobalSection(SolutionConfigurationPlatforms) = preSolution
		Debug|Any CPU = Debug|Any CPU
		Release|Any CPU = Release|Any CPU
	EndGlobalSection
	GlobalSection(ProjectConfigurationPlatforms) = postSolution
		{0B9A683A-DEE6-4003-B217-EF250ED7EB73}.Debug|Any CPU.ActiveCfg = Debug|Any CPU
		{0B9A683A-DEE6-4003-B217-EF250ED7EB73}.Debug|Any CPU.Build.0 = Debug|Any CPU
		{0B9A683A-DEE6-4003-B217-EF250ED7EB73}.Release|Any CPU.ActiveCfg = Release|Any CPU
		{0B9A683A-DEE6-4003-B217-EF250ED7EB73}.Release|Any CPU.Build.0 = Release|Any CPU
	EndGlobalSection
	GlobalSection(SolutionProperties) = preSolution
		HideSolutionNode = FALSE
	EndGlobalSection
	GlobalSection(ExtensibilityGlobals) = postSolution
		SolutionGuid = {B2393B57-7487-4224-BADB-EE9D0C0ABEDF}
	EndGlobalSection
EndGlobal
